<?xml version="1.0" encoding="utf-8"?>
<Project ToolsVersion="4.0" xmlns="http://schemas.microsoft.com/developer/msbuild/2003">
  <ItemGroup>
    <Filter Include="Resources">
      <UniqueIdentifier>5fd0e509-b6ae-4f29-bd2a-4d2cc10f3aa0</UniqueIdentifier>
      <Extensions>rc;ico;cur;bmp;dlg;rc2;rct;bin;rgs;gif;jpg;jpeg;jpe;resx;tiff;tif;png;wav;mfcribbon-ms</Extensions>
    </Filter>
    <Filter Include="actions">
      <UniqueIdentifier>{b5498426-282d-4602-80bd-d3d1e5221e0e}</UniqueIdentifier>
    </Filter>
    <Filter Include="base_nodes">
      <UniqueIdentifier>{656959cd-443f-487b-a77c-fd474f6a9252}</UniqueIdentifier>
    </Filter>
    <Filter Include="cocoa">
      <UniqueIdentifier>{2338068c-77a7-439f-84d4-67fa789e66f8}</UniqueIdentifier>
    </Filter>
    <Filter Include="effects">
      <UniqueIdentifier>{bc44838c-b2bd-416b-b829-c11cb6410099}</UniqueIdentifier>
    </Filter>
    <Filter Include="extensions">
      <UniqueIdentifier>{9760177d-7ec6-4c29-ab72-bcab26651709}</UniqueIdentifier>
    </Filter>
    <Filter Include="label_nodes">
      <UniqueIdentifier>{0e65a40b-5592-41fd-b13c-3dd5d9484335}</UniqueIdentifier>
    </Filter>
    <Filter Include="layers_scenes_transitions_nodes">
      <UniqueIdentifier>{6f63456f-ab2f-4168-b8e9-9ffe816bb213}</UniqueIdentifier>
    </Filter>
    <Filter Include="menu_nodes">
      <UniqueIdentifier>{f5a555db-2884-456e-9e8f-6da57745f5a1}</UniqueIdentifier>
    </Filter>
    <Filter Include="misc_nodes">
      <UniqueIdentifier>{7095aa61-1b5a-4f8f-a4eb-fed6197955b2}</UniqueIdentifier>
    </Filter>
    <Filter Include="keypad_dispatcher">
      <UniqueIdentifier>{ab3d6bb0-de76-43f9-8ba0-9b73f33c1638}</UniqueIdentifier>
    </Filter>
    <Filter Include="tileMap_parallax_nodes">
      <UniqueIdentifier>{63ca8f05-66ce-4b00-813d-4c12e82d71f7}</UniqueIdentifier>
    </Filter>
    <Filter Include="particle_nodes">
      <UniqueIdentifier>{1e256602-1ac8-4baa-a5de-c4da3026bbb6}</UniqueIdentifier>
    </Filter>
    <Filter Include="platform">
      <UniqueIdentifier>{b96d98f1-ad28-4dbe-98e3-def721cacff0}</UniqueIdentifier>
    </Filter>
    <Filter Include="platform\win8_metro">
      <UniqueIdentifier>{f7bb37a2-4732-46b7-94b4-3b69fd628098}</UniqueIdentifier>
    </Filter>
    <Filter Include="platform\third_party">
      <UniqueIdentifier>{48eccf42-5b87-456e-ac53-a3ff8307d85f}</UniqueIdentifier>
    </Filter>
    <Filter Include="platform\third_party\win8_metro">
      <UniqueIdentifier>{3269c817-821f-4b52-9cbf-c77be8a9bb61}</UniqueIdentifier>
    </Filter>
    <Filter Include="platform\third_party\win8_metro\libpng">
      <UniqueIdentifier>{685fdd72-1cd7-40be-9fb1-3e1adaf55a0d}</UniqueIdentifier>
    </Filter>
    <Filter Include="platform\third_party\win8_metro\libraries">
      <UniqueIdentifier>{7b317838-4c86-4ad5-a8c8-fd1e1cce187c}</UniqueIdentifier>
    </Filter>
    <Filter Include="platform\third_party\win8_metro\libraries\arm">
      <UniqueIdentifier>{5cd52b63-e290-485c-94a0-1d1c99f5c30e}</UniqueIdentifier>
    </Filter>
    <Filter Include="platform\third_party\win8_metro\libjpeg">
      <UniqueIdentifier>{06e190c6-85fb-459d-a087-c2a221ece1e7}</UniqueIdentifier>
    </Filter>
    <Filter Include="platform\third_party\win8_metro\libxml2">
      <UniqueIdentifier>{a64072f1-389b-4656-878e-f85a5505b32e}</UniqueIdentifier>
    </Filter>
    <Filter Include="platform\third_party\win8_metro\libxml2\libxml">
      <UniqueIdentifier>{ce2e2bf7-e80d-4029-bd9d-cc1cf51ac1d5}</UniqueIdentifier>
    </Filter>
    <Filter Include="platform\third_party\win8_metro\zlib">
      <UniqueIdentifier>{07a0b566-5d06-4224-916d-6c144648721e}</UniqueIdentifier>
    </Filter>
    <Filter Include="platform\third_party\tinyxml">
      <UniqueIdentifier>{e15ff947-b7e9-4ff5-946d-a2a7560439ef}</UniqueIdentifier>
    </Filter>
    <Filter Include="Resource Files">
      <UniqueIdentifier>{08e9e4b5-0625-4fd8-9a73-5fcad4acacaf}</UniqueIdentifier>
    </Filter>
    <Filter Include="script_support">
      <UniqueIdentifier>{6e5931ba-38f8-42e6-8fd3-11a3659edd29}</UniqueIdentifier>
    </Filter>
    <Filter Include="sprite_nodes">
      <UniqueIdentifier>{477454b2-9128-4241-9afd-b1d047dcf718}</UniqueIdentifier>
    </Filter>
    <Filter Include="support">
      <UniqueIdentifier>{5993a1a4-8bbc-4ea4-97b2-45dfce3656e2}</UniqueIdentifier>
    </Filter>
    <Filter Include="support\image_support">
      <UniqueIdentifier>{e3224bf0-9c2b-41f3-bedf-89b32aee7a2b}</UniqueIdentifier>
    </Filter>
    <Filter Include="support\zip_support">
      <UniqueIdentifier>{6549b5e7-bd56-43b2-9ae1-58adf5d03adf}</UniqueIdentifier>
    </Filter>
    <Filter Include="text_input_node">
      <UniqueIdentifier>{0f32f079-ceb3-4acd-a5b9-cad11ceed17d}</UniqueIdentifier>
    </Filter>
    <Filter Include="textures">
      <UniqueIdentifier>{d9809225-4823-4a2a-8718-b31786c330b9}</UniqueIdentifier>
    </Filter>
    <Filter Include="touch_dispatcher">
      <UniqueIdentifier>{4b0cb3bf-4778-489c-9cbf-b83ecdf36415}</UniqueIdentifier>
    </Filter>
    <Filter Include="shaders">
      <UniqueIdentifier>{554f9c7a-6e52-4056-a3f3-3b2cbd6f592e}</UniqueIdentifier>
    </Filter>
    <Filter Include="include">
      <UniqueIdentifier>{c50c5442-b41c-4010-a6a0-309ca3ee8d50}</UniqueIdentifier>
    </Filter>
    <Filter Include="draw_nodes">
      <UniqueIdentifier>{e5baebb5-aed0-43ab-b68f-e0d3dde32094}</UniqueIdentifier>
    </Filter>
  </ItemGroup>
  <ItemGroup>
    <ClCompile Include=".\actions\CCAction.cpp">
      <Filter>actions</Filter>
    </ClCompile>
    <ClCompile Include=".\actions\CCActionCamera.cpp">
      <Filter>actions</Filter>
    </ClCompile>
    <ClCompile Include=".\actions\CCActionEase.cpp">
      <Filter>actions</Filter>
    </ClCompile>
    <ClCompile Include=".\actions\CCActionGrid.cpp">
      <Filter>actions</Filter>
    </ClCompile>
    <ClCompile Include=".\actions\CCActionGrid3D.cpp">
      <Filter>actions</Filter>
    </ClCompile>
    <ClCompile Include=".\actions\CCActionInstant.cpp">
      <Filter>actions</Filter>
    </ClCompile>
    <ClCompile Include=".\actions\CCActionInterval.cpp">
      <Filter>actions</Filter>
    </ClCompile>
    <ClCompile Include=".\actions\CCActionManager.cpp">
      <Filter>actions</Filter>
    </ClCompile>
    <ClCompile Include=".\actions\CCActionPageTurn3D.cpp">
      <Filter>actions</Filter>
    </ClCompile>
    <ClCompile Include=".\actions\CCActionProgressTimer.cpp">
      <Filter>actions</Filter>
    </ClCompile>
    <ClCompile Include=".\actions\CCActionTiledGrid.cpp">
      <Filter>actions</Filter>
    </ClCompile>
    <ClCompile Include=".\base_nodes\CCAtlasNode.cpp">
      <Filter>base_nodes</Filter>
    </ClCompile>
    <ClCompile Include=".\base_nodes\CCNode.cpp">
      <Filter>base_nodes</Filter>
    </ClCompile>
    <ClCompile Include=".\cocoa\CCAffineTransform.cpp">
      <Filter>cocoa</Filter>
    </ClCompile>
    <ClCompile Include=".\cocoa\CCAutoreleasePool.cpp">
      <Filter>cocoa</Filter>
    </ClCompile>
    <ClCompile Include=".\cocoa\CCData.cpp">
      <Filter>cocoa</Filter>
    </ClCompile>
    <ClCompile Include=".\cocoa\CCGeometry.cpp">
      <Filter>cocoa</Filter>
    </ClCompile>
    <ClCompile Include=".\cocoa\CCNS.cpp">
      <Filter>cocoa</Filter>
    </ClCompile>
    <ClCompile Include=".\cocoa\CCObject.cpp">
      <Filter>cocoa</Filter>
    </ClCompile>
    <ClCompile Include=".\cocoa\CCSet.cpp">
      <Filter>cocoa</Filter>
    </ClCompile>
    <ClCompile Include=".\cocoa\CCZone.cpp">
      <Filter>cocoa</Filter>
    </ClCompile>
    <ClCompile Include=".\effects\CCGrabber.cpp">
      <Filter>effects</Filter>
    </ClCompile>
    <ClCompile Include=".\effects\CCGrid.cpp">
      <Filter>effects</Filter>
    </ClCompile>
    <ClCompile Include=".\extensions\CCNotificationCenter.cpp">
      <Filter>extensions</Filter>
    </ClCompile>
    <ClCompile Include=".\label_nodes\CCLabelAtlas.cpp">
      <Filter>label_nodes</Filter>
    </ClCompile>
    <ClCompile Include=".\label_nodes\CCLabelBMFont.cpp">
      <Filter>label_nodes</Filter>
    </ClCompile>
    <ClCompile Include=".\label_nodes\CCLabelTTF.cpp">
      <Filter>label_nodes</Filter>
    </ClCompile>
    <ClCompile Include=".\layers_scenes_transitions_nodes\CCLayer.cpp">
      <Filter>layers_scenes_transitions_nodes</Filter>
    </ClCompile>
    <ClCompile Include=".\layers_scenes_transitions_nodes\CCScene.cpp">
      <Filter>layers_scenes_transitions_nodes</Filter>
    </ClCompile>
    <ClCompile Include=".\layers_scenes_transitions_nodes\CCTransition.cpp">
      <Filter>layers_scenes_transitions_nodes</Filter>
    </ClCompile>
    <ClCompile Include=".\layers_scenes_transitions_nodes\CCTransitionPageTurn.cpp">
      <Filter>layers_scenes_transitions_nodes</Filter>
    </ClCompile>
    <ClCompile Include=".\menu_nodes\CCMenu.cpp">
      <Filter>menu_nodes</Filter>
    </ClCompile>
    <ClCompile Include=".\menu_nodes\CCMenuItem.cpp">
      <Filter>menu_nodes</Filter>
    </ClCompile>
    <ClCompile Include=".\misc_nodes\CCMotionStreak.cpp">
      <Filter>misc_nodes</Filter>
    </ClCompile>
    <ClCompile Include=".\misc_nodes\CCProgressTimer.cpp">
      <Filter>misc_nodes</Filter>
    </ClCompile>
    <ClCompile Include=".\misc_nodes\CCRenderTexture.cpp">
      <Filter>misc_nodes</Filter>
    </ClCompile>
    <ClCompile Include=".\misc_nodes\CCRibbon.cpp">
      <Filter>misc_nodes</Filter>
    </ClCompile>
    <ClCompile Include=".\keypad_dispatcher\CCKeypadDelegate.cpp">
      <Filter>keypad_dispatcher</Filter>
    </ClCompile>
    <ClCompile Include=".\keypad_dispatcher\CCKeypadDispatcher.cpp">
      <Filter>keypad_dispatcher</Filter>
    </ClCompile>
    <ClCompile Include=".\tileMap_parallax_nodes\CCParallaxNode.cpp">
      <Filter>tileMap_parallax_nodes</Filter>
    </ClCompile>
    <ClCompile Include=".\tileMap_parallax_nodes\CCTileMapAtlas.cpp">
      <Filter>tileMap_parallax_nodes</Filter>
    </ClCompile>
    <ClCompile Include=".\tileMap_parallax_nodes\CCTMXLayer.cpp">
      <Filter>tileMap_parallax_nodes</Filter>
    </ClCompile>
    <ClCompile Include=".\tileMap_parallax_nodes\CCTMXObjectGroup.cpp">
      <Filter>tileMap_parallax_nodes</Filter>
    </ClCompile>
    <ClCompile Include=".\tileMap_parallax_nodes\CCTMXTiledMap.cpp">
      <Filter>tileMap_parallax_nodes</Filter>
    </ClCompile>
    <ClCompile Include=".\tileMap_parallax_nodes\CCTMXXMLParser.cpp">
      <Filter>tileMap_parallax_nodes</Filter>
    </ClCompile>
    <ClCompile Include=".\particle_nodes\CCParticleExamples.cpp">
      <Filter>particle_nodes</Filter>
    </ClCompile>
    <ClCompile Include=".\particle_nodes\CCParticleSystem.cpp">
      <Filter>particle_nodes</Filter>
    </ClCompile>
    <ClCompile Include=".\particle_nodes\CCParticleSystemPoint.cpp">
      <Filter>particle_nodes</Filter>
    </ClCompile>
    <ClCompile Include=".\particle_nodes\CCParticleSystemQuad.cpp">
      <Filter>particle_nodes</Filter>
    </ClCompile>
    <ClCompile Include=".\platform\CCCommon.cpp">
      <Filter>platform</Filter>
    </ClCompile>
    <ClCompile Include=".\platform\CCFileUtils.cpp">
      <Filter>platform</Filter>
    </ClCompile>
    <ClCompile Include=".\platform\CCGL.cpp">
      <Filter>platform</Filter>
    </ClCompile>
    <ClCompile Include=".\platform\CCImage.cpp">
      <Filter>platform</Filter>
    </ClCompile>
    <ClCompile Include=".\platform\CCSAXParser.cpp">
      <Filter>platform</Filter>
    </ClCompile>
    <ClCompile Include=".\platform\CCStdC.cpp">
      <Filter>platform</Filter>
    </ClCompile>
    <ClCompile Include=".\platform\CCThread.cpp">
      <Filter>platform</Filter>
    </ClCompile>
    <ClCompile Include=".\platform\platform.cpp">
      <Filter>platform</Filter>
    </ClCompile>
    <ClCompile Include=".\platform\win8_metro\BasicLoader.cpp">
      <Filter>platform\win8_metro</Filter>
    </ClCompile>
    <ClCompile Include=".\platform\win8_metro\BasicReaderWriter.cpp">
      <Filter>platform\win8_metro</Filter>
    </ClCompile>
    <ClCompile Include=".\platform\win8_metro\CCAccelerometer_win8_metro.cpp">
      <Filter>platform\win8_metro</Filter>
    </ClCompile>
    <ClCompile Include=".\platform\win8_metro\CCApplication_win8_metro.cpp">
      <Filter>platform\win8_metro</Filter>
    </ClCompile>
    <ClCompile Include=".\platform\win8_metro\CCEGLView_win8_metro.cpp">
      <Filter>platform\win8_metro</Filter>
    </ClCompile>
    <ClCompile Include=".\platform\win8_metro\CCFileUtils_win8_metro.cpp">
      <Filter>platform\win8_metro</Filter>
    </ClCompile>
    <ClCompile Include=".\platform\win8_metro\CCImage_win8_metro.cpp">
      <Filter>platform\win8_metro</Filter>
    </ClCompile>
    <ClCompile Include=".\platform\win8_metro\DirectXRender.cpp">
      <Filter>platform\win8_metro</Filter>
    </ClCompile>
    <ClCompile Include=".\platform\win8_metro\DXTextPainter.cpp">
      <Filter>platform\win8_metro</Filter>
    </ClCompile>
    <ClCompile Include=".\platform\win8_metro\FTTextPainter.cpp">
      <Filter>platform\win8_metro</Filter>
    </ClCompile>
    <ClCompile Include=".\platform\third_party\tinyxml\tinystr.cpp">
      <Filter>platform\third_party\tinyxml</Filter>
    </ClCompile>
    <ClCompile Include=".\platform\third_party\tinyxml\tinyxml.cpp">
      <Filter>platform\third_party\tinyxml</Filter>
    </ClCompile>
    <ClCompile Include=".\platform\third_party\tinyxml\tinyxmlerror.cpp">
      <Filter>platform\third_party\tinyxml</Filter>
    </ClCompile>
    <ClCompile Include=".\platform\third_party\tinyxml\tinyxmlparser.cpp">
      <Filter>platform\third_party\tinyxml</Filter>
    </ClCompile>
    <ClCompile Include=".\script_support\CCScriptSupport.cpp">
      <Filter>script_support</Filter>
    </ClCompile>
    <ClCompile Include=".\sprite_nodes\CCAnimation.cpp">
      <Filter>sprite_nodes</Filter>
    </ClCompile>
    <ClCompile Include=".\sprite_nodes\CCAnimationCache.cpp">
      <Filter>sprite_nodes</Filter>
    </ClCompile>
    <ClCompile Include=".\sprite_nodes\CCSprite.cpp">
      <Filter>sprite_nodes</Filter>
    </ClCompile>
    <ClCompile Include=".\sprite_nodes\CCSpriteBatchNode.cpp">
      <Filter>sprite_nodes</Filter>
    </ClCompile>
    <ClCompile Include=".\sprite_nodes\CCSpriteFrame.cpp">
      <Filter>sprite_nodes</Filter>
    </ClCompile>
    <ClCompile Include=".\sprite_nodes\CCSpriteFrameCache.cpp">
      <Filter>sprite_nodes</Filter>
    </ClCompile>
    <ClCompile Include=".\support\base64.cpp">
      <Filter>support</Filter>
    </ClCompile>
    <ClCompile Include=".\support\CCPointExtension.cpp">
      <Filter>support</Filter>
    </ClCompile>
    <ClCompile Include=".\support\CCProfiling.cpp">
      <Filter>support</Filter>
    </ClCompile>
    <ClCompile Include=".\support\CCUserDefault.cpp">
      <Filter>support</Filter>
    </ClCompile>
    <ClCompile Include=".\support\ccUtils.cpp">
      <Filter>support</Filter>
    </ClCompile>
    <ClCompile Include=".\support\TransformUtils.cpp">
      <Filter>support</Filter>
    </ClCompile>
    <ClCompile Include=".\support\image_support\TGAlib.cpp">
      <Filter>support\image_support</Filter>
    </ClCompile>
    <ClCompile Include=".\support\zip_support\ioapi.cpp">
      <Filter>support\zip_support</Filter>
    </ClCompile>
    <ClCompile Include=".\support\zip_support\unzip.cpp">
      <Filter>support\zip_support</Filter>
    </ClCompile>
    <ClCompile Include=".\support\zip_support\ZipUtils.cpp">
      <Filter>support\zip_support</Filter>
    </ClCompile>
    <ClCompile Include=".\text_input_node\CCIMEDispatcher.cpp">
      <Filter>text_input_node</Filter>
    </ClCompile>
    <ClCompile Include=".\text_input_node\CCTextFieldTTF.cpp">
      <Filter>text_input_node</Filter>
    </ClCompile>
    <ClCompile Include=".\textures\CCTexture2D.cpp">
      <Filter>textures</Filter>
    </ClCompile>
    <ClCompile Include=".\textures\CCTextureAtlas.cpp">
      <Filter>textures</Filter>
    </ClCompile>
    <ClCompile Include=".\textures\CCTextureCache.cpp">
      <Filter>textures</Filter>
    </ClCompile>
    <ClCompile Include=".\textures\CCTexturePVR.cpp">
      <Filter>textures</Filter>
    </ClCompile>
    <ClCompile Include=".\touch_dispatcher\CCTouchDispatcher.cpp">
      <Filter>touch_dispatcher</Filter>
    </ClCompile>
    <ClCompile Include=".\touch_dispatcher\CCTouchHandler.cpp">
      <Filter>touch_dispatcher</Filter>
    </ClCompile>
    <ClCompile Include=".\CCCamera.cpp" />
    <ClCompile Include=".\CCConfiguration.cpp" />
    <ClCompile Include=".\CCDirector.cpp" />
    <ClCompile Include=".\cocos2d.cpp" />
    <ClCompile Include=".\pch.cpp" />
    <ClCompile Include=".\CCScheduler.cpp" />
    <ClCompile Include=".\actions\CCActionTween.cpp">
      <Filter>actions</Filter>
    </ClCompile>
    <ClCompile Include=".\actions\CCActionCatmullRom.cpp">
      <Filter>actions</Filter>
    </ClCompile>
    <ClCompile Include=".\draw_nodes\CCDrawingPrimitives.cpp">
      <Filter>draw_nodes</Filter>
    </ClCompile>
    <ClCompile Include=".\layers_scenes_transitions_nodes\CCTransitionProgress.cpp">
      <Filter>layers_scenes_transitions_nodes</Filter>
    </ClCompile>
    <ClCompile Include="cocoa\CCString.cpp">
      <Filter>cocoa</Filter>
    </ClCompile>
    <ClCompile Include="touch_dispatcher\CCTouch.cpp">
      <Filter>touch_dispatcher</Filter>
    </ClCompile>
    <ClCompile Include="particle_nodes\CCParticleBatchNode.cpp">
      <Filter>particle_nodes</Filter>
    </ClCompile>
    <ClCompile Include="cocoa\CCArray.cpp">
      <Filter>cocoa</Filter>
    </ClCompile>
    <ClCompile Include="cocoa\CCDictionary.cpp">
      <Filter>cocoa</Filter>
    </ClCompile>
  </ItemGroup>
  <ItemGroup>
    <ClInclude Include=".\cocoa\CCNS.h">
      <Filter>cocoa</Filter>
    </ClInclude>
    <ClInclude Include=".\platform\third_party\tinyxml\tinystr.h">
      <Filter>platform\third_party\tinyxml</Filter>
    </ClInclude>
    <ClInclude Include=".\platform\third_party\tinyxml\tinyxml.h">
      <Filter>platform\third_party\tinyxml</Filter>
    </ClInclude>
    <ClInclude Include=".\support\base64.h">
      <Filter>support</Filter>
    </ClInclude>
    <ClInclude Include=".\support\CCProfiling.h">
      <Filter>support</Filter>
    </ClInclude>
    <ClInclude Include=".\support\ccUtils.h">
      <Filter>support</Filter>
    </ClInclude>
    <ClInclude Include=".\support\TransformUtils.h">
      <Filter>support</Filter>
    </ClInclude>
    <ClInclude Include=".\support\image_support\TGAlib.h">
      <Filter>support\image_support</Filter>
    </ClInclude>
    <ClInclude Include=".\support\zip_support\ioapi.h">
      <Filter>support\zip_support</Filter>
    </ClInclude>
    <ClInclude Include=".\support\zip_support\unzip.h">
      <Filter>support\zip_support</Filter>
    </ClInclude>
    <ClInclude Include=".\support\zip_support\ZipUtils.h">
      <Filter>support\zip_support</Filter>
    </ClInclude>
    <ClInclude Include=".\pch.h" />
    <ClInclude Include=".\targetver.h" />
    <ClInclude Include=".\include\CCActionGrid3D.h">
      <Filter>include</Filter>
    </ClInclude>
    <ClInclude Include=".\include\CCActionInstant.h">
      <Filter>include</Filter>
    </ClInclude>
    <ClInclude Include=".\include\CCActionInterval.h">
      <Filter>include</Filter>
    </ClInclude>
    <ClInclude Include=".\include\CCActionManager.h">
      <Filter>include</Filter>
    </ClInclude>
    <ClInclude Include=".\include\CCActionPageTurn3D.h">
      <Filter>include</Filter>
    </ClInclude>
    <ClInclude Include=".\include\CCActionProgressTimer.h">
      <Filter>include</Filter>
    </ClInclude>
    <ClInclude Include=".\include\CCActionTiledGrid.h">
      <Filter>include</Filter>
    </ClInclude>
    <ClInclude Include=".\include\CCAffineTransform.h">
      <Filter>include</Filter>
    </ClInclude>
    <ClInclude Include=".\include\CCAnimation.h">
      <Filter>include</Filter>
    </ClInclude>
    <ClInclude Include=".\include\CCAnimationCache.h">
      <Filter>include</Filter>
    </ClInclude>
    <ClInclude Include=".\include\CCApplication.h">
      <Filter>include</Filter>
    </ClInclude>
    <ClInclude Include=".\include\CCArray.h">
      <Filter>include</Filter>
    </ClInclude>
    <ClInclude Include=".\include\CCAtlasNode.h">
      <Filter>include</Filter>
    </ClInclude>
    <ClInclude Include=".\include\CCAutoreleasePool.h">
      <Filter>include</Filter>
    </ClInclude>
    <ClInclude Include=".\include\CCCamera.h">
      <Filter>include</Filter>
    </ClInclude>
    <ClInclude Include=".\include\ccConfig.h">
      <Filter>include</Filter>
    </ClInclude>
    <ClInclude Include=".\include\CCData.h">
      <Filter>include</Filter>
    </ClInclude>
    <ClInclude Include=".\include\CCDirector.h">
      <Filter>include</Filter>
    </ClInclude>
    <ClInclude Include=".\include\CCDrawingPrimitives.h">
      <Filter>include</Filter>
    </ClInclude>
    <ClInclude Include=".\include\CCEGLView.h">
      <Filter>include</Filter>
    </ClInclude>
    <ClInclude Include=".\include\CCGeometry.h">
      <Filter>include</Filter>
    </ClInclude>
    <ClInclude Include=".\include\CCGL.h">
      <Filter>include</Filter>
    </ClInclude>
    <ClInclude Include=".\include\CCIMEDelegate.h">
      <Filter>include</Filter>
    </ClInclude>
    <ClInclude Include=".\include\CCIMEDispatcher.h">
      <Filter>include</Filter>
    </ClInclude>
    <ClInclude Include=".\include\CCKeypadDelegate.h">
      <Filter>include</Filter>
    </ClInclude>
    <ClInclude Include=".\include\CCKeypadDispatcher.h">
      <Filter>include</Filter>
    </ClInclude>
    <ClInclude Include=".\include\CCLabelAtlas.h">
      <Filter>include</Filter>
    </ClInclude>
    <ClInclude Include=".\include\CCLabelBMFont.h">
      <Filter>include</Filter>
    </ClInclude>
    <ClInclude Include=".\include\CCLabelTTF.h">
      <Filter>include</Filter>
    </ClInclude>
    <ClInclude Include=".\include\CCLayer.h">
      <Filter>include</Filter>
    </ClInclude>
    <ClInclude Include=".\include\ccMacros.h">
      <Filter>include</Filter>
    </ClInclude>
    <ClInclude Include=".\include\CCMenuItem.h">
      <Filter>include</Filter>
    </ClInclude>
    <ClInclude Include=".\include\CCMotionStreak.h">
      <Filter>include</Filter>
    </ClInclude>
    <ClInclude Include=".\include\CCNode.h">
      <Filter>include</Filter>
    </ClInclude>
    <ClInclude Include=".\include\CCObject.h">
      <Filter>include</Filter>
    </ClInclude>
    <ClInclude Include=".\include\CCParallaxNode.h">
      <Filter>include</Filter>
    </ClInclude>
    <ClInclude Include=".\include\CCParticleExamples.h">
      <Filter>include</Filter>
    </ClInclude>
    <ClInclude Include=".\include\CCParticleSystem.h">
      <Filter>include</Filter>
    </ClInclude>
    <ClInclude Include=".\include\CCParticleSystemPoint.h">
      <Filter>include</Filter>
    </ClInclude>
    <ClInclude Include=".\include\CCParticleSystemQuad.h">
      <Filter>include</Filter>
    </ClInclude>
    <ClInclude Include=".\include\CCPointExtension.h">
      <Filter>include</Filter>
    </ClInclude>
    <ClInclude Include=".\include\CCProgressTimer.h">
      <Filter>include</Filter>
    </ClInclude>
    <ClInclude Include=".\include\CCProtocols.h">
      <Filter>include</Filter>
    </ClInclude>
    <ClInclude Include=".\include\CCRenderTexture.h">
      <Filter>include</Filter>
    </ClInclude>
    <ClInclude Include=".\include\CCRibbon.h">
      <Filter>include</Filter>
    </ClInclude>
    <ClInclude Include=".\include\CCScene.h">
      <Filter>include</Filter>
    </ClInclude>
    <ClInclude Include=".\include\CCScheduler.h">
      <Filter>include</Filter>
    </ClInclude>
    <ClInclude Include=".\include\CCScriptSupport.h">
      <Filter>include</Filter>
    </ClInclude>
    <ClInclude Include=".\include\CCSet.h">
      <Filter>include</Filter>
    </ClInclude>
    <ClInclude Include=".\include\CCSprite.h">
      <Filter>include</Filter>
    </ClInclude>
    <ClInclude Include=".\include\CCSpriteBatchNode.h">
      <Filter>include</Filter>
    </ClInclude>
    <ClInclude Include=".\include\CCSpriteFrame.h">
      <Filter>include</Filter>
    </ClInclude>
    <ClInclude Include=".\include\CCSpriteFrameCache.h">
      <Filter>include</Filter>
    </ClInclude>
    <ClInclude Include=".\include\CCString.h">
      <Filter>include</Filter>
    </ClInclude>
    <ClInclude Include=".\include\CCTextFieldTTF.h">
      <Filter>include</Filter>
    </ClInclude>
    <ClInclude Include=".\include\CCTexture2D.h">
      <Filter>include</Filter>
    </ClInclude>
    <ClInclude Include=".\include\CCTextureAtlas.h">
      <Filter>include</Filter>
    </ClInclude>
    <ClInclude Include=".\include\CCTextureCache.h">
      <Filter>include</Filter>
    </ClInclude>
    <ClInclude Include=".\include\CCTexturePVR.h">
      <Filter>include</Filter>
    </ClInclude>
    <ClInclude Include=".\include\CCTileMapAtlas.h">
      <Filter>include</Filter>
    </ClInclude>
    <ClInclude Include=".\include\CCTMXLayer.h">
      <Filter>include</Filter>
    </ClInclude>
    <ClInclude Include=".\include\CCTMXObjectGroup.h">
      <Filter>include</Filter>
    </ClInclude>
    <ClInclude Include=".\include\CCTMXTiledMap.h">
      <Filter>include</Filter>
    </ClInclude>
    <ClInclude Include=".\include\CCTMXXMLParser.h">
      <Filter>include</Filter>
    </ClInclude>
    <ClInclude Include=".\include\CCTouch.h">
      <Filter>include</Filter>
    </ClInclude>
    <ClInclude Include=".\include\CCTouchDelegateProtocol.h">
      <Filter>include</Filter>
    </ClInclude>
    <ClInclude Include=".\include\CCTouchDispatcher.h">
      <Filter>include</Filter>
    </ClInclude>
    <ClInclude Include=".\include\CCTouchHandler.h">
      <Filter>include</Filter>
    </ClInclude>
    <ClInclude Include=".\include\CCTransition.h">
      <Filter>include</Filter>
    </ClInclude>
    <ClInclude Include=".\include\CCTransitionPageTurn.h">
      <Filter>include</Filter>
    </ClInclude>
    <ClInclude Include=".\include\ccTypes.h">
      <Filter>include</Filter>
    </ClInclude>
    <ClInclude Include=".\include\CCUserDefault.h">
      <Filter>include</Filter>
    </ClInclude>
    <ClInclude Include=".\include\CCZone.h">
      <Filter>include</Filter>
    </ClInclude>
    <ClInclude Include=".\include\cocos2d.h">
      <Filter>include</Filter>
    </ClInclude>
    <ClInclude Include=".\include\CCAccelerometer.h">
      <Filter>include</Filter>
    </ClInclude>
    <ClInclude Include=".\include\CCAccelerometerDelegate.h">
      <Filter>include</Filter>
    </ClInclude>
    <ClInclude Include=".\include\CCAction.h">
      <Filter>include</Filter>
    </ClInclude>
    <ClInclude Include=".\include\CCActionCamera.h">
      <Filter>include</Filter>
    </ClInclude>
    <ClInclude Include=".\include\CCActionEase.h">
      <Filter>include</Filter>
    </ClInclude>
    <ClInclude Include=".\include\CCActionGrid.h">
      <Filter>include</Filter>
    </ClInclude>
    <ClInclude Include=".\include\CCPlatformConfig.h">
      <Filter>include</Filter>
    </ClInclude>
    <ClInclude Include=".\include\CCPlatformMacros.h">
      <Filter>include</Filter>
    </ClInclude>
    <ClInclude Include=".\platform\CCPlatformMacros.h">
      <Filter>include</Filter>
    </ClInclude>
    <ClInclude Include=".\include\CCTransitionProgress.h">
      <Filter>include</Filter>
    </ClInclude>
    <ClInclude Include=".\include\CCActionCatmullRom.h">
      <Filter>include</Filter>
    </ClInclude>
    <ClInclude Include=".\include\CCActionTween.h">
      <Filter>include</Filter>
    </ClInclude>
    <ClInclude Include=".\include\CCNotificationCenter.h">
      <Filter>include</Filter>
    </ClInclude>
    <ClInclude Include="include\ccTypeInfo.h">
      <Filter>include</Filter>
    </ClInclude>
    <ClInclude Include="include\CCFileUtils.h">
      <Filter>include</Filter>
    </ClInclude>
    <ClInclude Include="include\CCMenu.h">
      <Filter>include</Filter>
    </ClInclude>
    <ClInclude Include="include\CCApplication_win8_metro.h">
      <Filter>include</Filter>
    </ClInclude>
  </ItemGroup>
  <ItemGroup>
    <FxCompile Include=".\shaders\CCDrawingPixelShader.hlsl">
      <Filter>shaders</Filter>
    </FxCompile>
    <FxCompile Include=".\shaders\CCDrawingVertexShader.hlsl">
      <Filter>shaders</Filter>
    </FxCompile>
    <FxCompile Include=".\shaders\CCGridPixelShader.hlsl">
      <Filter>shaders</Filter>
    </FxCompile>
    <FxCompile Include=".\shaders\CCGridVertexShader.hlsl">
      <Filter>shaders</Filter>
    </FxCompile>
    <FxCompile Include=".\shaders\CCLayerColorPixelShader.hlsl">
      <Filter>shaders</Filter>
    </FxCompile>
    <FxCompile Include=".\shaders\CCLayerColorVertexShader.hlsl">
      <Filter>shaders</Filter>
    </FxCompile>
    <FxCompile Include=".\shaders\CCParticlePixelShader.hlsl">
      <Filter>shaders</Filter>
    </FxCompile>
    <FxCompile Include=".\shaders\CCParticleVertexShader.hlsl">
      <Filter>shaders</Filter>
    </FxCompile>
    <FxCompile Include=".\shaders\CCProgressTimerPixelShader.hlsl">
      <Filter>shaders</Filter>
    </FxCompile>
    <FxCompile Include=".\shaders\CCProgressTimerVertexShader.hlsl">
      <Filter>shaders</Filter>
    </FxCompile>
    <FxCompile Include=".\shaders\CCSpritePixelShader.hlsl">
      <Filter>shaders</Filter>
    </FxCompile>
    <FxCompile Include=".\shaders\CCSpriteVertexShader.hlsl">
      <Filter>shaders</Filter>
    </FxCompile>
    <FxCompile Include=".\shaders\CCTexture2DPixelShader.hlsl">
      <Filter>shaders</Filter>
    </FxCompile>
    <FxCompile Include=".\shaders\CCTexture2DVertexShader.hlsl">
      <Filter>shaders</Filter>
    </FxCompile>
    <FxCompile Include=".\shaders\CCTextureAtlasPixelShader.hlsl">
      <Filter>shaders</Filter>
    </FxCompile>
    <FxCompile Include=".\shaders\CCTextureAtlasVertexShader.hlsl">
      <Filter>shaders</Filter>
    </FxCompile>
  </ItemGroup>
</Project>