<?xml version="1.0" encoding="utf-8"?>
<Project ToolsVersion="4.0" xmlns="http://schemas.microsoft.com/developer/msbuild/2003">
  <ItemGroup>
    <Filter Include="Assets">
      <UniqueIdentifier>17b52f90-9b33-4188-8a0e-808582bbabbc</UniqueIdentifier>
      <Extensions>ico;bmp;dlg;gif;jpg;jpeg;jpe;resx;tiff;tif;png;wav;resw;resjson</Extensions>
    </Filter>
    <Filter Include="cocos2dx">
      <UniqueIdentifier>{4827e607-4fd2-41fc-8834-41a89a0d78dc}</UniqueIdentifier>
    </Filter>
    <Filter Include="cocos2dx\actions">
      <UniqueIdentifier>{d97b80bc-b50e-4536-8a62-da0d7b3c7b41}</UniqueIdentifier>
    </Filter>
    <Filter Include="ExtraCocos">
      <UniqueIdentifier>{19be2898-c48e-4c0f-8fa8-588d6677d52a}</UniqueIdentifier>
    </Filter>
    <Filter Include="cocos2dx\cocoa">
      <UniqueIdentifier>{d8700274-7ffa-43da-9654-5bf42a1329d3}</UniqueIdentifier>
    </Filter>
    <Filter Include="cocos2dx\effects">
      <UniqueIdentifier>{f549e04b-0116-4790-95dd-1b7744c3d9d6}</UniqueIdentifier>
    </Filter>
    <Filter Include="cocos2dx\support">
      <UniqueIdentifier>{956ac7eb-0d37-43bd-93b4-5ecdb65693e6}</UniqueIdentifier>
    </Filter>
    <Filter Include="cocos2dx\sprite_nodes">
      <UniqueIdentifier>{ca1d663e-a9e9-42f8-b79f-b6178d396e56}</UniqueIdentifier>
    </Filter>
    <Filter Include="cocos2dx\base_nodes">
      <UniqueIdentifier>{715ecf41-0cf2-48ba-a81f-b887428ac901}</UniqueIdentifier>
    </Filter>
    <Filter Include="cocos2dx\textures">
      <UniqueIdentifier>{436061f0-db70-4229-9f0c-4891c9fa114b}</UniqueIdentifier>
    </Filter>
    <Filter Include="cocos2dx\touch_dispatcher">
      <UniqueIdentifier>{2fa1554b-eae2-41da-8519-31756c9979d2}</UniqueIdentifier>
    </Filter>
    <Filter Include="cocos2dx\script_support">
      <UniqueIdentifier>{daf89be7-204f-4830-abc9-fa0770b8af9e}</UniqueIdentifier>
    </Filter>
    <Filter Include="cocos2dx\misc_nodes">
      <UniqueIdentifier>{18b60541-53fd-4b1b-9b20-83c58a713d7f}</UniqueIdentifier>
    </Filter>
    <Filter Include="cocos2dx\platform">
      <UniqueIdentifier>{8d900fb4-8373-46d3-8ec1-7c493ef2dcf8}</UniqueIdentifier>
    </Filter>
    <Filter Include="cocos2dx\platform\win8_metro">
      <UniqueIdentifier>{7a1dd584-0388-4c5c-8b57-309679c4d52c}</UniqueIdentifier>
    </Filter>
    <Filter Include="cocos2dx\text_input_node">
      <UniqueIdentifier>{dbb92c98-a4ec-4f24-b2d4-c635cb432134}</UniqueIdentifier>
    </Filter>
    <Filter Include="cocos2dx\label_nodes">
      <UniqueIdentifier>{da5fd60c-1dcc-48ce-8396-5f4de4066c9b}</UniqueIdentifier>
    </Filter>
    <Filter Include="Classes">
      <UniqueIdentifier>{9e558cc3-4f4b-4a51-a5bb-bb99c608ba07}</UniqueIdentifier>
    </Filter>
    <Filter Include="cocos2dx\layers_scenes_transitions_nodes">
      <UniqueIdentifier>{3d895c5d-1821-436f-ba50-2a1a8f8497be}</UniqueIdentifier>
    </Filter>
    <Filter Include="cocos2dx\menu_nodes">
      <UniqueIdentifier>{696cdd36-c80e-40ee-8d57-eff174049196}</UniqueIdentifier>
    </Filter>
    <Filter Include="CocosDenshion">
      <UniqueIdentifier>{c079c9fc-8fc2-4a57-835f-a00e6042585a}</UniqueIdentifier>
    </Filter>
    <Filter Include="Box2d">
      <UniqueIdentifier>{00fa0921-8089-4c68-a06a-90495fb5b2d4}</UniqueIdentifier>
    </Filter>
    <Filter Include="Box2d\Collision">
      <UniqueIdentifier>{ac1543cf-7530-434a-bad4-263eae2c8bfb}</UniqueIdentifier>
    </Filter>
    <Filter Include="Box2d\Common">
      <UniqueIdentifier>{b0ada510-726f-4710-aa47-e76a5946d132}</UniqueIdentifier>
    </Filter>
    <Filter Include="Box2d\Dynamics">
      <UniqueIdentifier>{6bc417e2-2306-4bfd-9d9a-442a4decfe07}</UniqueIdentifier>
    </Filter>
    <Filter Include="Box2d\Rope">
      <UniqueIdentifier>{e9503d30-562e-4a98-ade6-30b840d1f688}</UniqueIdentifier>
    </Filter>
    <Filter Include="Box2d\Dynamics\Joints">
      <UniqueIdentifier>{c176e22d-ebfe-4b60-863a-3ec20b422c3d}</UniqueIdentifier>
    </Filter>
    <Filter Include="Box2d\Dynamics\Contacts">
      <UniqueIdentifier>{dbc5862b-1255-4b8e-8abe-a0b02ece7ca1}</UniqueIdentifier>
    </Filter>
    <Filter Include="Box2d\Collision\Shapes">
      <UniqueIdentifier>{41e87adc-66b1-4b8a-bfbd-e7f653e5802b}</UniqueIdentifier>
    </Filter>
    <Filter Include="cocos2dx\platform\third_party">
      <UniqueIdentifier>{cf6ed327-da90-4304-9d37-d9df0f3b93fc}</UniqueIdentifier>
    </Filter>
    <Filter Include="cocos2dx\platform\third_party\win8_metro">
      <UniqueIdentifier>{1ab74bf8-a3aa-4bdc-b44d-af8a88304dc0}</UniqueIdentifier>
    </Filter>
    <Filter Include="cocos2dx\platform\third_party\win8_metro\libpng">
      <UniqueIdentifier>{55d4d458-a274-4a31-bdb9-eef6793d3034}</UniqueIdentifier>
    </Filter>
    <Filter Include="cocos2dx\platform\third_party\win8_metro\libraries">
      <UniqueIdentifier>{35e0aec1-4b52-4276-88a8-52c734fe519d}</UniqueIdentifier>
    </Filter>
    <Filter Include="cocos2dx\platform\third_party\win8_metro\libjpeg">
      <UniqueIdentifier>{ec34f356-9cb6-4121-80bf-e3e8baa8ebd0}</UniqueIdentifier>
    </Filter>
    <Filter Include="cocos2dx\platform\third_party\win8_metro\libxml2">
      <UniqueIdentifier>{66079e65-9d09-42ac-b07c-22c5cba29601}</UniqueIdentifier>
    </Filter>
    <Filter Include="cocos2dx\platform\third_party\win8_metro\zlib">
      <UniqueIdentifier>{4957889a-bf3c-46e7-9f77-b165938ae39c}</UniqueIdentifier>
    </Filter>
    <Filter Include="cocos2dx\platform\third_party\win8_metro\libxml2\libxml">
      <UniqueIdentifier>{6d42c56a-7c1a-4229-9823-0f8aabc532b1}</UniqueIdentifier>
    </Filter>
    <Filter Include="cocos2dx\platform\third_party\win8_metro\libraries\arm">
      <UniqueIdentifier>{f61d5c2b-2e66-469e-8478-bfcb32f5aee1}</UniqueIdentifier>
    </Filter>
    <Filter Include="cocos2dx\particle_nodes">
      <UniqueIdentifier>{4ecea9db-ec73-4bb3-a04e-95f81d2c668b}</UniqueIdentifier>
    </Filter>
    <Filter Include="Assets\Textures">
      <UniqueIdentifier>{6de4d6c1-987e-47a6-886c-bf2247e28236}</UniqueIdentifier>
    </Filter>
  </ItemGroup>
  <ItemGroup>
    <Image Include="Assets\ApplicationIcon.png">
      <Filter>Assets</Filter>
    </Image>
    <Image Include="Assets\Tiles\FlipCycleTileLarge.png">
      <Filter>Assets</Filter>
    </Image>
    <Image Include="Assets\Tiles\FlipCycleTileMedium.png">
      <Filter>Assets</Filter>
    </Image>
    <Image Include="Assets\Tiles\FlipCycleTileSmall.png">
      <Filter>Assets</Filter>
    </Image>
    <Image Include="Assets\Tiles\IconicTileMediumLarge.png">
      <Filter>Assets</Filter>
    </Image>
    <Image Include="Assets\Tiles\IconicTileSmall.png">
      <Filter>Assets</Filter>
    </Image>
    <Image Include="Assets\brick_1.png">
      <Filter>Assets</Filter>
    </Image>
    <Image Include="Assets\brick_1-hd.png">
      <Filter>Assets</Filter>
    </Image>
    <Image Include="Assets\brick_2.png">
      <Filter>Assets</Filter>
    </Image>
    <Image Include="Assets\brick_2-hd.png">
      <Filter>Assets</Filter>
    </Image>
    <Image Include="Assets\brick_3.png">
      <Filter>Assets</Filter>
    </Image>
    <Image Include="Assets\brick_3-hd.png">
      <Filter>Assets</Filter>
    </Image>
    <Image Include="Assets\brick_platform.png">
      <Filter>Assets</Filter>
    </Image>
    <Image Include="Assets\brick_platform-hd.png">
      <Filter>Assets</Filter>
    </Image>
    <Image Include="Assets\catapult_arm.png">
      <Filter>Assets</Filter>
    </Image>
    <Image Include="Assets\catapult_arm-hd.png">
      <Filter>Assets</Filter>
    </Image>
    <Image Include="Assets\catapult_base_1.png">
      <Filter>Assets</Filter>
    </Image>
    <Image Include="Assets\catapult_base_1-hd.png">
      <Filter>Assets</Filter>
    </Image>
    <Image Include="Assets\catapult_base_2.png">
      <Filter>Assets</Filter>
    </Image>
    <Image Include="Assets\catapult_base_2-hd.png">
      <Filter>Assets</Filter>
    </Image>
    <Image Include="Assets\catapult_cup.png">
      <Filter>Assets</Filter>
    </Image>
    <Image Include="Assets\catapult_cup-hd.png">
      <Filter>Assets</Filter>
    </Image>
    <Image Include="Assets\fg.png">
      <Filter>Assets</Filter>
    </Image>
    <Image Include="Assets\fg-hd.png">
      <Filter>Assets</Filter>
    </Image>
    <Image Include="Assets\fire.png">
      <Filter>Assets</Filter>
    </Image>
    <Image Include="Assets\head_cat.png">
      <Filter>Assets</Filter>
    </Image>
    <Image Include="Assets\head_cat-hd.png">
      <Filter>Assets</Filter>
    </Image>
    <Image Include="Assets\head_dog.png">
      <Filter>Assets</Filter>
    </Image>
    <Image Include="Assets\head_dog-hd.png">
      <Filter>Assets</Filter>
    </Image>
    <Image Include="Assets\squirrel_1.png">
      <Filter>Assets</Filter>
    </Image>
    <Image Include="Assets\squirrel_1-hd.png">
      <Filter>Assets</Filter>
    </Image>
    <Image Include="Assets\squirrel_2.png">
      <Filter>Assets</Filter>
    </Image>
    <Image Include="Assets\squirrel_2-hd.png">
      <Filter>Assets</Filter>
    </Image>
    <Image Include="Assets\acorn.png">
      <Filter>Assets</Filter>
    </Image>
    <Image Include="Assets\acorn-hd.png">
      <Filter>Assets</Filter>
    </Image>
    <Image Include="Assets\bg.png">
      <Filter>Assets</Filter>
    </Image>
    <Image Include="Assets\bg-hd.png">
      <Filter>Assets</Filter>
    </Image>
    <Image Include="Assets\CloseNormal.png">
      <Filter>Assets</Filter>
    </Image>
    <Image Include="Assets\CloseSelected.png">
      <Filter>Assets</Filter>
    </Image>
    <Image Include="Assets\Logo.png">
      <Filter>Assets</Filter>
    </Image>
    <Image Include="Assets\SmallLogo.png">
      <Filter>Assets</Filter>
    </Image>
    <Image Include="Assets\SplashScreen.png">
      <Filter>Assets</Filter>
    </Image>
    <Image Include="Assets\StoreLogo.png">
      <Filter>Assets</Filter>
    </Image>
  </ItemGroup>
  <ItemGroup>
    <ClCompile Include="pch.cpp" />
    <ClCompile Include="..\cocos2dx\actions\CCAction.cpp">
      <Filter>cocos2dx\actions</Filter>
    </ClCompile>
    <ClCompile Include="..\cocos2dx\actions\CCActionCamera.cpp">
      <Filter>cocos2dx\actions</Filter>
    </ClCompile>
    <ClCompile Include="..\cocos2dx\actions\CCActionEase.cpp">
      <Filter>cocos2dx\actions</Filter>
    </ClCompile>
    <ClCompile Include="..\cocos2dx\actions\CCActionGrid.cpp">
      <Filter>cocos2dx\actions</Filter>
    </ClCompile>
    <ClCompile Include="..\cocos2dx\actions\CCActionGrid3D.cpp">
      <Filter>cocos2dx\actions</Filter>
    </ClCompile>
    <ClCompile Include="..\cocos2dx\actions\CCActionInstant.cpp">
      <Filter>cocos2dx\actions</Filter>
    </ClCompile>
    <ClCompile Include="..\cocos2dx\actions\CCActionInterval.cpp">
      <Filter>cocos2dx\actions</Filter>
    </ClCompile>
    <ClCompile Include="..\cocos2dx\actions\CCActionManager.cpp">
      <Filter>cocos2dx\actions</Filter>
    </ClCompile>
    <ClCompile Include="..\cocos2dx\actions\CCActionPageTurn3D.cpp">
      <Filter>cocos2dx\actions</Filter>
    </ClCompile>
    <ClCompile Include="..\cocos2dx\actions\CCActionProgressTimer.cpp">
      <Filter>cocos2dx\actions</Filter>
    </ClCompile>
    <ClCompile Include="..\cocos2dx\actions\CCActionTiledGrid.cpp">
      <Filter>cocos2dx\actions</Filter>
    </ClCompile>
    <ClCompile Include="..\cocos2dx\cocoa\CCAffineTransform.cpp">
      <Filter>cocos2dx\cocoa</Filter>
    </ClCompile>
    <ClCompile Include="..\cocos2dx\cocoa\CCAutoreleasePool.cpp">
      <Filter>cocos2dx\cocoa</Filter>
    </ClCompile>
    <ClCompile Include="..\cocos2dx\cocoa\CCData.cpp">
      <Filter>cocos2dx\cocoa</Filter>
    </ClCompile>
    <ClCompile Include="..\cocos2dx\cocoa\CCGeometry.cpp">
      <Filter>cocos2dx\cocoa</Filter>
    </ClCompile>
    <ClCompile Include="..\cocos2dx\cocoa\CCNS.cpp">
      <Filter>cocos2dx\cocoa</Filter>
    </ClCompile>
    <ClCompile Include="..\cocos2dx\cocoa\CCObject.cpp">
      <Filter>cocos2dx\cocoa</Filter>
    </ClCompile>
    <ClCompile Include="..\cocos2dx\cocoa\CCSet.cpp">
      <Filter>cocos2dx\cocoa</Filter>
    </ClCompile>
    <ClCompile Include="..\cocos2dx\cocoa\CCZone.cpp">
      <Filter>cocos2dx\cocoa</Filter>
    </ClCompile>
    <ClCompile Include="..\cocos2dx\CCCamera.cpp">
      <Filter>cocos2dx</Filter>
    </ClCompile>
    <ClCompile Include="..\cocos2dx\CCConfiguration.cpp">
      <Filter>cocos2dx</Filter>
    </ClCompile>
    <ClCompile Include="..\cocos2dx\CCDirector.cpp">
      <Filter>cocos2dx</Filter>
    </ClCompile>
    <ClCompile Include="..\cocos2dx\CCDrawingPrimitives.cpp">
      <Filter>cocos2dx</Filter>
    </ClCompile>
    <ClCompile Include="..\cocos2dx\CCScheduler.cpp">
      <Filter>cocos2dx</Filter>
    </ClCompile>
    <ClCompile Include="..\cocos2dx\cocos2d.cpp">
      <Filter>cocos2dx</Filter>
    </ClCompile>
    <ClCompile Include=".\cocos2dorig.cpp" />
    <ClCompile Include="..\cocos2dx\effects\CCGrabber.cpp">
      <Filter>cocos2dx\effects</Filter>
    </ClCompile>
    <ClCompile Include="..\cocos2dx\effects\CCGrid.cpp">
      <Filter>cocos2dx\effects</Filter>
    </ClCompile>
    <ClCompile Include="..\cocos2dx\support\base64.cpp">
      <Filter>cocos2dx\support</Filter>
    </ClCompile>
    <ClCompile Include="..\cocos2dx\support\CCArray.cpp">
      <Filter>cocos2dx\support</Filter>
    </ClCompile>
    <ClCompile Include="..\cocos2dx\support\CCPointExtension.cpp">
      <Filter>cocos2dx\support</Filter>
    </ClCompile>
    <ClCompile Include="..\cocos2dx\support\CCProfiling.cpp">
      <Filter>cocos2dx\support</Filter>
    </ClCompile>
    <ClCompile Include="..\cocos2dx\support\CCUserDefault.cpp">
      <Filter>cocos2dx\support</Filter>
    </ClCompile>
    <ClCompile Include="..\cocos2dx\support\ccUtils.cpp">
      <Filter>cocos2dx\support</Filter>
    </ClCompile>
    <ClCompile Include="..\cocos2dx\support\TransformUtils.cpp">
      <Filter>cocos2dx\support</Filter>
    </ClCompile>
    <ClCompile Include="..\cocos2dx\sprite_nodes\CCAnimation.cpp">
      <Filter>cocos2dx\sprite_nodes</Filter>
    </ClCompile>
    <ClCompile Include="..\cocos2dx\sprite_nodes\CCAnimationCache.cpp">
      <Filter>cocos2dx\sprite_nodes</Filter>
    </ClCompile>
    <ClCompile Include="..\cocos2dx\sprite_nodes\CCSprite.cpp">
      <Filter>cocos2dx\sprite_nodes</Filter>
    </ClCompile>
    <ClCompile Include="..\cocos2dx\sprite_nodes\CCSpriteBatchNode.cpp">
      <Filter>cocos2dx\sprite_nodes</Filter>
    </ClCompile>
    <ClCompile Include="..\cocos2dx\sprite_nodes\CCSpriteFrame.cpp">
      <Filter>cocos2dx\sprite_nodes</Filter>
    </ClCompile>
    <ClCompile Include="..\cocos2dx\sprite_nodes\CCSpriteFrameCache.cpp">
      <Filter>cocos2dx\sprite_nodes</Filter>
    </ClCompile>
    <ClCompile Include="..\cocos2dx\base_nodes\CCAtlasNode.cpp">
      <Filter>cocos2dx\base_nodes</Filter>
    </ClCompile>
    <ClCompile Include="..\cocos2dx\base_nodes\CCNode.cpp">
      <Filter>cocos2dx\base_nodes</Filter>
    </ClCompile>
    <ClCompile Include="..\cocos2dx\textures\CCTexture2D.cpp">
      <Filter>cocos2dx\textures</Filter>
    </ClCompile>
    <ClCompile Include="..\cocos2dx\textures\CCTextureAtlas.cpp">
      <Filter>cocos2dx\textures</Filter>
    </ClCompile>
    <ClCompile Include="..\cocos2dx\textures\CCTextureCache.cpp">
      <Filter>cocos2dx\textures</Filter>
    </ClCompile>
    <ClCompile Include="..\cocos2dx\textures\CCTexturePVR.cpp">
      <Filter>cocos2dx\textures</Filter>
    </ClCompile>
    <ClCompile Include="..\cocos2dx\touch_dispatcher\CCTouchDispatcher.cpp">
      <Filter>cocos2dx\touch_dispatcher</Filter>
    </ClCompile>
    <ClCompile Include="..\cocos2dx\touch_dispatcher\CCTouchHandler.cpp">
      <Filter>cocos2dx\touch_dispatcher</Filter>
    </ClCompile>
    <ClCompile Include="..\cocos2dx\script_support\CCScriptSupport.cpp">
      <Filter>cocos2dx\script_support</Filter>
    </ClCompile>
    <ClCompile Include="..\cocos2dx\misc_nodes\CCMotionStreak.cpp">
      <Filter>cocos2dx\misc_nodes</Filter>
    </ClCompile>
    <ClCompile Include="..\cocos2dx\misc_nodes\CCProgressTimer.cpp">
      <Filter>cocos2dx\misc_nodes</Filter>
    </ClCompile>
    <ClCompile Include="..\cocos2dx\misc_nodes\CCRenderTexture.cpp">
      <Filter>cocos2dx\misc_nodes</Filter>
    </ClCompile>
    <ClCompile Include="..\cocos2dx\misc_nodes\CCRibbon.cpp">
      <Filter>cocos2dx\misc_nodes</Filter>
    </ClCompile>
    <ClCompile Include="..\cocos2dx\platform\CCCommon.cpp">
      <Filter>cocos2dx\platform</Filter>
    </ClCompile>
    <ClCompile Include="..\cocos2dx\platform\CCFileUtils.cpp">
      <Filter>cocos2dx\platform</Filter>
    </ClCompile>
    <ClCompile Include="..\cocos2dx\platform\CCGL.cpp">
      <Filter>cocos2dx\platform</Filter>
    </ClCompile>
    <ClCompile Include="..\cocos2dx\platform\CCImage.cpp">
      <Filter>cocos2dx\platform</Filter>
    </ClCompile>
    <ClCompile Include="..\cocos2dx\platform\CCSAXParser.cpp">
      <Filter>cocos2dx\platform</Filter>
    </ClCompile>
    <ClCompile Include="..\cocos2dx\platform\CCStdC.cpp">
      <Filter>cocos2dx\platform</Filter>
    </ClCompile>
    <ClCompile Include="..\cocos2dx\platform\CCThread.cpp">
      <Filter>cocos2dx\platform</Filter>
    </ClCompile>
    <ClCompile Include="..\cocos2dx\platform\platform.cpp">
      <Filter>cocos2dx\platform</Filter>
    </ClCompile>
    <ClCompile Include="..\cocos2dx\platform\win8_metro\BasicLoader.cpp">
      <Filter>cocos2dx\platform\win8_metro</Filter>
    </ClCompile>
    <ClCompile Include="..\cocos2dx\platform\win8_metro\BasicReaderWriter.cpp">
      <Filter>cocos2dx\platform\win8_metro</Filter>
    </ClCompile>
    <ClCompile Include="..\cocos2dx\platform\win8_metro\CCApplication_win8_metro.cpp">
      <Filter>cocos2dx\platform\win8_metro</Filter>
    </ClCompile>
    <ClCompile Include="..\cocos2dx\platform\win8_metro\CCEGLView_win8_metro.cpp">
      <Filter>cocos2dx\platform\win8_metro</Filter>
    </ClCompile>
    <ClCompile Include="..\cocos2dx\platform\win8_metro\CCFileUtils_win8_metro.cpp">
      <Filter>cocos2dx\platform\win8_metro</Filter>
    </ClCompile>
    <ClCompile Include="..\cocos2dx\platform\win8_metro\CCImage_win8_metro.cpp">
      <Filter>cocos2dx\platform\win8_metro</Filter>
    </ClCompile>
    <ClCompile Include="..\cocos2dx\platform\win8_metro\DirectXRender.cpp">
      <Filter>cocos2dx\platform\win8_metro</Filter>
    </ClCompile>
    <ClCompile Include="..\cocos2dx\platform\win8_metro\DXTextPainter.cpp">
      <Filter>cocos2dx\platform\win8_metro</Filter>
    </ClCompile>
    <ClCompile Include="..\cocos2dx\text_input_node\CCIMEDispatcher.cpp">
      <Filter>cocos2dx\text_input_node</Filter>
    </ClCompile>
    <ClCompile Include="..\cocos2dx\text_input_node\CCTextFieldTTF.cpp">
      <Filter>cocos2dx\text_input_node</Filter>
    </ClCompile>
    <ClCompile Include="..\cocos2dx\label_nodes\CCLabelAtlas.cpp">
      <Filter>cocos2dx\label_nodes</Filter>
    </ClCompile>
    <ClCompile Include="..\cocos2dx\label_nodes\CCLabelBMFont.cpp">
      <Filter>cocos2dx\label_nodes</Filter>
    </ClCompile>
    <ClCompile Include="..\cocos2dx\label_nodes\CCLabelTTF.cpp">
      <Filter>cocos2dx\label_nodes</Filter>
    </ClCompile>
    <ClCompile Include="Classes\GameOverScene.cpp">
      <Filter>Classes</Filter>
    </ClCompile>
    <ClCompile Include="Classes\HelloWorldScene.cpp">
      <Filter>Classes</Filter>
    </ClCompile>
    <ClCompile Include="..\cocos2dx\layers_scenes_transitions_nodes\CCLayer.cpp">
      <Filter>cocos2dx\layers_scenes_transitions_nodes</Filter>
    </ClCompile>
    <ClCompile Include="..\cocos2dx\layers_scenes_transitions_nodes\CCScene.cpp">
      <Filter>cocos2dx\layers_scenes_transitions_nodes</Filter>
    </ClCompile>
    <ClCompile Include="..\cocos2dx\layers_scenes_transitions_nodes\CCTransition.cpp">
      <Filter>cocos2dx\layers_scenes_transitions_nodes</Filter>
    </ClCompile>
    <ClCompile Include="..\cocos2dx\layers_scenes_transitions_nodes\CCTransitionPageTurn.cpp">
      <Filter>cocos2dx\layers_scenes_transitions_nodes</Filter>
    </ClCompile>
    <ClCompile Include="..\cocos2dx\layers_scenes_transitions_nodes\CCTransitionRadial.cpp">
      <Filter>cocos2dx\layers_scenes_transitions_nodes</Filter>
    </ClCompile>
    <ClCompile Include="..\cocos2dx\menu_nodes\CCMenu.cpp">
      <Filter>cocos2dx\menu_nodes</Filter>
    </ClCompile>
    <ClCompile Include="..\cocos2dx\menu_nodes\CCMenuItem.cpp">
      <Filter>cocos2dx\menu_nodes</Filter>
    </ClCompile>
    <ClCompile Include="DDSTextureLoader.cpp">
      <Filter>ExtraCocos</Filter>
    </ClCompile>
    <ClCompile Include="..\CocosDenshion\win8_metro\Audio.cpp">
      <Filter>CocosDenshion</Filter>
    </ClCompile>
    <ClCompile Include="..\CocosDenshion\win8_metro\MediaStreamer.cpp">
      <Filter>CocosDenshion</Filter>
    </ClCompile>
    <ClCompile Include="..\CocosDenshion\win8_metro\SimpleAudioEngine.cpp">
      <Filter>CocosDenshion</Filter>
    </ClCompile>
    <ClCompile Include="..\Box2D\Collision\Shapes\b2ChainShape.cpp">
      <Filter>Box2d\Collision\Shapes</Filter>
    </ClCompile>
    <ClCompile Include="..\Box2D\Collision\Shapes\b2CircleShape.cpp">
      <Filter>Box2d\Collision\Shapes</Filter>
    </ClCompile>
    <ClCompile Include="..\Box2D\Collision\Shapes\b2EdgeShape.cpp">
      <Filter>Box2d\Collision\Shapes</Filter>
    </ClCompile>
    <ClCompile Include="..\Box2D\Collision\Shapes\b2PolygonShape.cpp">
      <Filter>Box2d\Collision\Shapes</Filter>
    </ClCompile>
    <ClCompile Include="..\Box2D\Collision\b2BroadPhase.cpp">
      <Filter>Box2d\Collision</Filter>
    </ClCompile>
    <ClCompile Include="..\Box2D\Collision\b2CollideCircle.cpp">
      <Filter>Box2d\Collision</Filter>
    </ClCompile>
    <ClCompile Include="..\Box2D\Collision\b2CollideEdge.cpp">
      <Filter>Box2d\Collision</Filter>
    </ClCompile>
    <ClCompile Include="..\Box2D\Collision\b2CollidePolygon.cpp">
      <Filter>Box2d\Collision</Filter>
    </ClCompile>
    <ClCompile Include="..\Box2D\Collision\b2Collision.cpp">
      <Filter>Box2d\Collision</Filter>
    </ClCompile>
    <ClCompile Include="..\Box2D\Collision\b2Distance.cpp">
      <Filter>Box2d\Collision</Filter>
    </ClCompile>
    <ClCompile Include="..\Box2D\Collision\b2DynamicTree.cpp">
      <Filter>Box2d\Collision</Filter>
    </ClCompile>
    <ClCompile Include="..\Box2D\Collision\b2TimeOfImpact.cpp">
      <Filter>Box2d\Collision</Filter>
    </ClCompile>
    <ClCompile Include="..\Box2D\Common\b2BlockAllocator.cpp">
      <Filter>Box2d\Common</Filter>
    </ClCompile>
    <ClCompile Include="..\Box2D\Common\b2Draw.cpp">
      <Filter>Box2d\Common</Filter>
    </ClCompile>
    <ClCompile Include="..\Box2D\Common\b2Math.cpp">
      <Filter>Box2d\Common</Filter>
    </ClCompile>
    <ClCompile Include="..\Box2D\Common\b2Settings.cpp">
      <Filter>Box2d\Common</Filter>
    </ClCompile>
    <ClCompile Include="..\Box2D\Common\b2StackAllocator.cpp">
      <Filter>Box2d\Common</Filter>
    </ClCompile>
    <ClCompile Include="..\Box2D\Common\b2Timer.cpp">
      <Filter>Box2d\Common</Filter>
    </ClCompile>
    <ClCompile Include="..\Box2D\Dynamics\Joints\b2DistanceJoint.cpp">
      <Filter>Box2d\Dynamics\Joints</Filter>
    </ClCompile>
    <ClCompile Include="..\Box2D\Dynamics\Joints\b2FrictionJoint.cpp">
      <Filter>Box2d\Dynamics\Joints</Filter>
    </ClCompile>
    <ClCompile Include="..\Box2D\Dynamics\Joints\b2GearJoint.cpp">
      <Filter>Box2d\Dynamics\Joints</Filter>
    </ClCompile>
    <ClCompile Include="..\Box2D\Dynamics\Joints\b2Joint.cpp">
      <Filter>Box2d\Dynamics\Joints</Filter>
    </ClCompile>
    <ClCompile Include="..\Box2D\Dynamics\Joints\b2MouseJoint.cpp">
      <Filter>Box2d\Dynamics\Joints</Filter>
    </ClCompile>
    <ClCompile Include="..\Box2D\Dynamics\Joints\b2PrismaticJoint.cpp">
      <Filter>Box2d\Dynamics\Joints</Filter>
    </ClCompile>
    <ClCompile Include="..\Box2D\Dynamics\Joints\b2PulleyJoint.cpp">
      <Filter>Box2d\Dynamics\Joints</Filter>
    </ClCompile>
    <ClCompile Include="..\Box2D\Dynamics\Joints\b2RevoluteJoint.cpp">
      <Filter>Box2d\Dynamics\Joints</Filter>
    </ClCompile>
    <ClCompile Include="..\Box2D\Dynamics\Joints\b2RopeJoint.cpp">
      <Filter>Box2d\Dynamics\Joints</Filter>
    </ClCompile>
    <ClCompile Include="..\Box2D\Dynamics\Joints\b2WeldJoint.cpp">
      <Filter>Box2d\Dynamics\Joints</Filter>
    </ClCompile>
    <ClCompile Include="..\Box2D\Dynamics\Joints\b2WheelJoint.cpp">
      <Filter>Box2d\Dynamics\Joints</Filter>
    </ClCompile>
    <ClCompile Include="..\Box2D\Dynamics\Contacts\b2ChainAndCircleContact.cpp">
      <Filter>Box2d\Dynamics\Contacts</Filter>
    </ClCompile>
    <ClCompile Include="..\Box2D\Dynamics\Contacts\b2ChainAndPolygonContact.cpp">
      <Filter>Box2d\Dynamics\Contacts</Filter>
    </ClCompile>
    <ClCompile Include="..\Box2D\Dynamics\Contacts\b2CircleContact.cpp">
      <Filter>Box2d\Dynamics\Contacts</Filter>
    </ClCompile>
    <ClCompile Include="..\Box2D\Dynamics\Contacts\b2Contact.cpp">
      <Filter>Box2d\Dynamics\Contacts</Filter>
    </ClCompile>
    <ClCompile Include="..\Box2D\Dynamics\Contacts\b2ContactSolver.cpp">
      <Filter>Box2d\Dynamics\Contacts</Filter>
    </ClCompile>
    <ClCompile Include="..\Box2D\Dynamics\Contacts\b2EdgeAndCircleContact.cpp">
      <Filter>Box2d\Dynamics\Contacts</Filter>
    </ClCompile>
    <ClCompile Include="..\Box2D\Dynamics\Contacts\b2EdgeAndPolygonContact.cpp">
      <Filter>Box2d\Dynamics\Contacts</Filter>
    </ClCompile>
    <ClCompile Include="..\Box2D\Dynamics\Contacts\b2PolygonAndCircleContact.cpp">
      <Filter>Box2d\Dynamics\Contacts</Filter>
    </ClCompile>
    <ClCompile Include="..\Box2D\Dynamics\Contacts\b2PolygonContact.cpp">
      <Filter>Box2d\Dynamics\Contacts</Filter>
    </ClCompile>
    <ClCompile Include="..\Box2D\Dynamics\b2Body.cpp">
      <Filter>Box2d\Dynamics</Filter>
    </ClCompile>
    <ClCompile Include="..\Box2D\Dynamics\b2ContactManager.cpp">
      <Filter>Box2d\Dynamics</Filter>
    </ClCompile>
    <ClCompile Include="..\Box2D\Dynamics\b2Fixture.cpp">
      <Filter>Box2d\Dynamics</Filter>
    </ClCompile>
    <ClCompile Include="..\Box2D\Dynamics\b2Island.cpp">
      <Filter>Box2d\Dynamics</Filter>
    </ClCompile>
    <ClCompile Include="..\Box2D\Dynamics\b2World.cpp">
      <Filter>Box2d\Dynamics</Filter>
    </ClCompile>
    <ClCompile Include="..\Box2D\Dynamics\b2WorldCallbacks.cpp">
      <Filter>Box2d\Dynamics</Filter>
    </ClCompile>
    <ClCompile Include="..\Box2D\Rope\b2Rope.cpp">
      <Filter>Box2d\Rope</Filter>
    </ClCompile>
    <ClCompile Include="..\cocos2dx\particle_nodes\CCParticleSystem.cpp">
      <Filter>cocos2dx\particle_nodes</Filter>
    </ClCompile>
    <ClCompile Include="..\cocos2dx\particle_nodes\CCParticleSystemPoint.cpp">
      <Filter>cocos2dx\particle_nodes</Filter>
    </ClCompile>
    <ClCompile Include="..\cocos2dx\particle_nodes\CCParticleSystemQuad.cpp">
      <Filter>cocos2dx\particle_nodes</Filter>
    </ClCompile>
    <ClCompile Include="..\cocos2dx\particle_nodes\CCParticleExamples.cpp">
      <Filter>cocos2dx\particle_nodes</Filter>
    </ClCompile>
    <ClCompile Include="..\cocos2dx\platform\win8_metro\CCAccelerometer_win8_metro.cpp">
      <Filter>cocos2dx\platform\win8_metro</Filter>
    </ClCompile>
    <ClCompile Include="Classes\MyContactListener.cpp">
      <Filter>Classes</Filter>
    </ClCompile>
    <ClCompile Include="Classes\AppDelegate.cpp">
      <Filter>Classes</Filter>
    </ClCompile>
    <ClCompile Include="..\cocos2dx\platform\win8_metro\FTTextPainter.cpp" />
  </ItemGroup>
  <ItemGroup>
    <ClInclude Include="..\cocos2dx\cocoa\CCNS.h">
      <Filter>cocos2dx\cocoa</Filter>
    </ClInclude>
    <ClInclude Include="..\cocos2dx\CCConfiguration.h">
      <Filter>cocos2dx</Filter>
    </ClInclude>
    <ClInclude Include=".\cocos2dorig.h" />
    <ClInclude Include="..\cocos2dx\effects\CCGrabber.h">
      <Filter>cocos2dx\effects</Filter>
    </ClInclude>
    <ClInclude Include="..\cocos2dx\effects\CCGrid.h">
      <Filter>cocos2dx\effects</Filter>
    </ClInclude>
    <ClInclude Include="..\cocos2dx\support\base64.h">
      <Filter>cocos2dx\support</Filter>
    </ClInclude>
    <ClInclude Include="..\cocos2dx\support\CCProfiling.h">
      <Filter>cocos2dx\support</Filter>
    </ClInclude>
    <ClInclude Include="..\cocos2dx\support\ccUtils.h">
      <Filter>cocos2dx\support</Filter>
    </ClInclude>
    <ClInclude Include="..\cocos2dx\support\TransformUtils.h">
      <Filter>cocos2dx\support</Filter>
    </ClInclude>
    <ClInclude Include="..\cocos2dx\platform\CCAccelerometer_platform.h">
      <Filter>cocos2dx\platform</Filter>
    </ClInclude>
    <ClInclude Include="..\cocos2dx\platform\CCApplication_platform.h">
      <Filter>cocos2dx\platform</Filter>
    </ClInclude>
    <ClInclude Include="..\cocos2dx\platform\CCArchOptimalParticleSystem.h">
      <Filter>cocos2dx\platform</Filter>
    </ClInclude>
    <ClInclude Include="..\cocos2dx\platform\CCCommon.h">
      <Filter>cocos2dx\platform</Filter>
    </ClInclude>
    <ClInclude Include="..\cocos2dx\platform\CCEGLView_platform.h">
      <Filter>cocos2dx\platform</Filter>
    </ClInclude>
    <ClInclude Include="..\cocos2dx\platform\CCFileUtils.h">
      <Filter>cocos2dx\platform</Filter>
    </ClInclude>
    <ClInclude Include="..\cocos2dx\platform\CCGL.h">
      <Filter>cocos2dx\platform</Filter>
    </ClInclude>
    <ClInclude Include="..\cocos2dx\platform\CCImage.h">
      <Filter>cocos2dx\platform</Filter>
    </ClInclude>
    <ClInclude Include="..\cocos2dx\platform\CCLibxml2.h">
      <Filter>cocos2dx\platform</Filter>
    </ClInclude>
    <ClInclude Include="..\cocos2dx\platform\CCPlatformConfig.h">
      <Filter>cocos2dx\platform</Filter>
    </ClInclude>
    <ClInclude Include="..\cocos2dx\platform\CCPlatformMacros.h">
      <Filter>cocos2dx\platform</Filter>
    </ClInclude>
    <ClInclude Include="..\cocos2dx\platform\CCSAXParser.h">
      <Filter>cocos2dx\platform</Filter>
    </ClInclude>
    <ClInclude Include="..\cocos2dx\platform\CCStdC.h">
      <Filter>cocos2dx\platform</Filter>
    </ClInclude>
    <ClInclude Include="..\cocos2dx\platform\CCThread.h">
      <Filter>cocos2dx\platform</Filter>
    </ClInclude>
    <ClInclude Include="..\cocos2dx\platform\platform.h">
      <Filter>cocos2dx\platform</Filter>
    </ClInclude>
    <ClInclude Include="..\cocos2dx\platform\win8_metro\BasicReaderWriter.h">
      <Filter>cocos2dx\platform\win8_metro</Filter>
    </ClInclude>
    <ClInclude Include="..\cocos2dx\platform\win8_metro\CCAccelerometer_win8_metro.h">
      <Filter>cocos2dx\platform\win8_metro</Filter>
    </ClInclude>
    <ClInclude Include="..\cocos2dx\platform\win8_metro\CCApplication_win8_metro.h">
      <Filter>cocos2dx\platform\win8_metro</Filter>
    </ClInclude>
    <ClInclude Include="..\cocos2dx\platform\win8_metro\CCEGLView_win8_metro.h">
      <Filter>cocos2dx\platform\win8_metro</Filter>
    </ClInclude>
    <ClInclude Include="..\cocos2dx\platform\win8_metro\DXTextPainter.h">
      <Filter>cocos2dx\platform\win8_metro</Filter>
    </ClInclude>
    <ClInclude Include="Classes\GameOverScene.h">
      <Filter>Classes</Filter>
    </ClInclude>
    <ClInclude Include="Classes\HelloWorldScene.h">
      <Filter>Classes</Filter>
    </ClInclude>
    <ClInclude Include="DDSTextureLoader.h">
      <Filter>ExtraCocos</Filter>
    </ClInclude>
    <ClInclude Include="..\cocos2dx\platform\win8_metro\BasicLoader.h">
      <Filter>cocos2dx\platform\win8_metro</Filter>
    </ClInclude>
    <ClInclude Include="..\CocosDenshion\win8_metro\Audio.h">
      <Filter>CocosDenshion</Filter>
    </ClInclude>
    <ClInclude Include="..\CocosDenshion\win8_metro\MediaStreamer.h">
      <Filter>CocosDenshion</Filter>
    </ClInclude>
    <ClInclude Include="..\CocosDenshion\include\Export.h">
      <Filter>CocosDenshion</Filter>
    </ClInclude>
    <ClInclude Include="..\CocosDenshion\include\SimpleAudioEngine.h">
      <Filter>CocosDenshion</Filter>
    </ClInclude>
    <ClInclude Include="..\Box2D\Collision\Shapes\b2ChainShape.h">
      <Filter>Box2d\Collision\Shapes</Filter>
    </ClInclude>
    <ClInclude Include="..\Box2D\Collision\Shapes\b2CircleShape.h">
      <Filter>Box2d\Collision\Shapes</Filter>
    </ClInclude>
    <ClInclude Include="..\Box2D\Collision\Shapes\b2EdgeShape.h">
      <Filter>Box2d\Collision\Shapes</Filter>
    </ClInclude>
    <ClInclude Include="..\Box2D\Collision\Shapes\b2PolygonShape.h">
      <Filter>Box2d\Collision\Shapes</Filter>
    </ClInclude>
    <ClInclude Include="..\Box2D\Collision\Shapes\b2Shape.h">
      <Filter>Box2d\Collision\Shapes</Filter>
    </ClInclude>
    <ClInclude Include="..\Box2D\Collision\b2BroadPhase.h">
      <Filter>Box2d\Collision</Filter>
    </ClInclude>
    <ClInclude Include="..\Box2D\Collision\b2Collision.h">
      <Filter>Box2d\Collision</Filter>
    </ClInclude>
    <ClInclude Include="..\Box2D\Collision\b2Distance.h">
      <Filter>Box2d\Collision</Filter>
    </ClInclude>
    <ClInclude Include="..\Box2D\Collision\b2DynamicTree.h">
      <Filter>Box2d\Collision</Filter>
    </ClInclude>
    <ClInclude Include="..\Box2D\Collision\b2TimeOfImpact.h">
      <Filter>Box2d\Collision</Filter>
    </ClInclude>
    <ClInclude Include="..\Box2D\Common\b2BlockAllocator.h">
      <Filter>Box2d\Common</Filter>
    </ClInclude>
    <ClInclude Include="..\Box2D\Common\b2Draw.h">
      <Filter>Box2d\Common</Filter>
    </ClInclude>
    <ClInclude Include="..\Box2D\Common\b2GrowableStack.h">
      <Filter>Box2d\Common</Filter>
    </ClInclude>
    <ClInclude Include="..\Box2D\Common\b2Math.h">
      <Filter>Box2d\Common</Filter>
    </ClInclude>
    <ClInclude Include="..\Box2D\Common\b2Settings.h">
      <Filter>Box2d\Common</Filter>
    </ClInclude>
    <ClInclude Include="..\Box2D\Common\b2StackAllocator.h">
      <Filter>Box2d\Common</Filter>
    </ClInclude>
    <ClInclude Include="..\Box2D\Common\b2Timer.h">
      <Filter>Box2d\Common</Filter>
    </ClInclude>
    <ClInclude Include="..\Box2D\Dynamics\Joints\b2DistanceJoint.h">
      <Filter>Box2d\Dynamics\Joints</Filter>
    </ClInclude>
    <ClInclude Include="..\Box2D\Dynamics\Joints\b2FrictionJoint.h">
      <Filter>Box2d\Dynamics\Joints</Filter>
    </ClInclude>
    <ClInclude Include="..\Box2D\Dynamics\Joints\b2GearJoint.h">
      <Filter>Box2d\Dynamics\Joints</Filter>
    </ClInclude>
    <ClInclude Include="..\Box2D\Dynamics\Joints\b2Joint.h">
      <Filter>Box2d\Dynamics\Joints</Filter>
    </ClInclude>
    <ClInclude Include="..\Box2D\Dynamics\Joints\b2MouseJoint.h">
      <Filter>Box2d\Dynamics\Joints</Filter>
    </ClInclude>
    <ClInclude Include="..\Box2D\Dynamics\Joints\b2PrismaticJoint.h">
      <Filter>Box2d\Dynamics\Joints</Filter>
    </ClInclude>
    <ClInclude Include="..\Box2D\Dynamics\Joints\b2PulleyJoint.h">
      <Filter>Box2d\Dynamics\Joints</Filter>
    </ClInclude>
    <ClInclude Include="..\Box2D\Dynamics\Joints\b2RevoluteJoint.h">
      <Filter>Box2d\Dynamics\Joints</Filter>
    </ClInclude>
    <ClInclude Include="..\Box2D\Dynamics\Joints\b2RopeJoint.h">
      <Filter>Box2d\Dynamics\Joints</Filter>
    </ClInclude>
    <ClInclude Include="..\Box2D\Dynamics\Joints\b2WeldJoint.h">
      <Filter>Box2d\Dynamics\Joints</Filter>
    </ClInclude>
    <ClInclude Include="..\Box2D\Dynamics\Joints\b2WheelJoint.h">
      <Filter>Box2d\Dynamics\Joints</Filter>
    </ClInclude>
    <ClInclude Include="..\Box2D\Dynamics\Contacts\b2ChainAndCircleContact.h">
      <Filter>Box2d\Dynamics\Contacts</Filter>
    </ClInclude>
    <ClInclude Include="..\Box2D\Dynamics\Contacts\b2ChainAndPolygonContact.h">
      <Filter>Box2d\Dynamics\Contacts</Filter>
    </ClInclude>
    <ClInclude Include="..\Box2D\Dynamics\Contacts\b2CircleContact.h">
      <Filter>Box2d\Dynamics\Contacts</Filter>
    </ClInclude>
    <ClInclude Include="..\Box2D\Dynamics\Contacts\b2Contact.h">
      <Filter>Box2d\Dynamics\Contacts</Filter>
    </ClInclude>
    <ClInclude Include="..\Box2D\Dynamics\Contacts\b2ContactSolver.h">
      <Filter>Box2d\Dynamics\Contacts</Filter>
    </ClInclude>
    <ClInclude Include="..\Box2D\Dynamics\Contacts\b2EdgeAndCircleContact.h">
      <Filter>Box2d\Dynamics\Contacts</Filter>
    </ClInclude>
    <ClInclude Include="..\Box2D\Dynamics\Contacts\b2EdgeAndPolygonContact.h">
      <Filter>Box2d\Dynamics\Contacts</Filter>
    </ClInclude>
    <ClInclude Include="..\Box2D\Dynamics\Contacts\b2PolygonAndCircleContact.h">
      <Filter>Box2d\Dynamics\Contacts</Filter>
    </ClInclude>
    <ClInclude Include="..\Box2D\Dynamics\Contacts\b2PolygonContact.h">
      <Filter>Box2d\Dynamics\Contacts</Filter>
    </ClInclude>
    <ClInclude Include="..\Box2D\Dynamics\b2Body.h">
      <Filter>Box2d\Dynamics</Filter>
    </ClInclude>
    <ClInclude Include="..\Box2D\Dynamics\b2ContactManager.h">
      <Filter>Box2d\Dynamics</Filter>
    </ClInclude>
    <ClInclude Include="..\Box2D\Dynamics\b2Fixture.h">
      <Filter>Box2d\Dynamics</Filter>
    </ClInclude>
    <ClInclude Include="..\Box2D\Dynamics\b2Island.h">
      <Filter>Box2d\Dynamics</Filter>
    </ClInclude>
    <ClInclude Include="..\Box2D\Dynamics\b2TimeStep.h">
      <Filter>Box2d\Dynamics</Filter>
    </ClInclude>
    <ClInclude Include="..\Box2D\Dynamics\b2World.h">
      <Filter>Box2d\Dynamics</Filter>
    </ClInclude>
    <ClInclude Include="..\Box2D\Dynamics\b2WorldCallbacks.h">
      <Filter>Box2d\Dynamics</Filter>
    </ClInclude>
    <ClInclude Include="..\Box2D\Rope\b2Rope.h">
      <Filter>Box2d\Rope</Filter>
    </ClInclude>
    <ClInclude Include="..\Box2D\Box2D.h">
      <Filter>Box2d</Filter>
    </ClInclude>
    <ClInclude Include="..\cocos2dx\platform\win8_metro\DirectXRender.h" />
    <ClInclude Include="pch.h" />
    <ClInclude Include="Classes\MyContactListener.h">
      <Filter>Classes</Filter>
    </ClInclude>
    <ClInclude Include="Classes\AppDelegate.h">
      <Filter>Classes</Filter>
    </ClInclude>
    <ClInclude Include="..\cocos2dx\platform\win8_metro\FTTextPainter.h" />
  </ItemGroup>
  <ItemGroup>
    <FxCompile Include="Assets\Textures\CCDrawingPixelShader.hlsl">
      <Filter>Assets\Textures</Filter>
    </FxCompile>
    <FxCompile Include="Assets\Textures\CCDrawingVertexShader.hlsl">
      <Filter>Assets\Textures</Filter>
    </FxCompile>
    <FxCompile Include="Assets\Textures\CCGridPixelShader.hlsl">
      <Filter>Assets\Textures</Filter>
    </FxCompile>
    <FxCompile Include="Assets\Textures\CCGridVertexShader.hlsl">
      <Filter>Assets\Textures</Filter>
    </FxCompile>
    <FxCompile Include="Assets\Textures\CCLayerColorPixelShader.hlsl">
      <Filter>Assets\Textures</Filter>
    </FxCompile>
    <FxCompile Include="Assets\Textures\CCLayerColorVertexShader.hlsl">
      <Filter>Assets\Textures</Filter>
    </FxCompile>
    <FxCompile Include="Assets\Textures\CCParticlePixelShader.hlsl">
      <Filter>Assets\Textures</Filter>
    </FxCompile>
    <FxCompile Include="Assets\Textures\CCParticleVertexShader.hlsl">
      <Filter>Assets\Textures</Filter>
    </FxCompile>
    <FxCompile Include="Assets\Textures\CCProgressTimerPixelShader.hlsl">
      <Filter>Assets\Textures</Filter>
    </FxCompile>
    <FxCompile Include="Assets\Textures\CCProgressTimerVertexShader.hlsl">
      <Filter>Assets\Textures</Filter>
    </FxCompile>
    <FxCompile Include="Assets\Textures\CCSpritePixelShader.hlsl">
      <Filter>Assets\Textures</Filter>
    </FxCompile>
    <FxCompile Include="Assets\Textures\CCSpriteVertexShader.hlsl">
      <Filter>Assets\Textures</Filter>
    </FxCompile>
    <FxCompile Include="Assets\Textures\CCTexture2DPixelShader.hlsl">
      <Filter>Assets\Textures</Filter>
    </FxCompile>
    <FxCompile Include="Assets\Textures\CCTexture2DVertexShader.hlsl">
      <Filter>Assets\Textures</Filter>
    </FxCompile>
    <FxCompile Include="Assets\Textures\CCTextureAtlasPixelShader.hlsl">
      <Filter>Assets\Textures</Filter>
    </FxCompile>
    <FxCompile Include="Assets\Textures\CCTextureAtlasVertexShader.hlsl">
      <Filter>Assets\Textures</Filter>
    </FxCompile>
    <FxCompile Include="PixelShader.hlsl" />
    <FxCompile Include="VertexShader.hlsl" />
    <FxCompile Include="VertexShader1.hlsl" />
    <FxCompile Include="PixelShader1.hlsl" />
  </ItemGroup>
  <ItemGroup>
    <AppxManifest Include="Package.appxmanifest" />
  </ItemGroup>
</Project>